
Microsoft Visual Studio Solution File, Format Version 12.00
# Visual Studio Version 16
VisualStudioVersion = 16.0.29613.14
MinimumVisualStudioVersion = 10.0.40219.1
Project("{FAE04EC0-301F-11D3-BF4B-00C04F79EFBC}") = "WebServices", "WebServices.csproj", "{8E7EBD16-C0FB-4A72-8314-1B598D71EDB3}"
EndProject
Global
	GlobalSection(SolutionConfigurationPlatforms) = preSolution
		Debug|Any CPU = Debug|Any CPU
		Release|Any CPU = Release|Any CPU
	EndGlobalSection
	GlobalSection(ProjectConfigurationPlatforms) = postSolution
		{8E7EBD16-C0FB-4A72-8314-1B598D71EDB3}.Debug|Any CPU.ActiveCfg = Debug|Any CPU
		{8E7EBD16-C0FB-4A72-8314-1B598D71EDB3}.Debug|Any CPU.Build.0 = Debug|Any CPU
		{8E7EBD16-C0FB-4A72-8314-1B598D71EDB3}.Release|Any CPU.ActiveCfg = Release|Any CPU
		{8E7EBD16-C0FB-4A72-8314-1B598D71EDB3}.Release|Any CPU.Build.0 = Release|Any CPU
	EndGlobalSection
	GlobalSection(SolutionProperties) = preSolution
		HideSolutionNode = FALSE
	EndGlobalSection
	GlobalSection(ExtensibilityGlobals) = postSolution
		SolutionGuid = {6967622D-5C3E-4C0E-AAF8-32B6E7844805}
	EndGlobalSection
EndGlobal
